
Microsoft Visual Studio Solution File, Format Version 12.00
# Visual Studio Version 17
VisualStudioVersion = 17.4.33213.308
MinimumVisualStudioVersion = 10.0.40219.1
Project("{9A19103F-16F7-4668-BE54-9A1E7A4F7556}") = "NavigationModule.API", "NavigationModule.API\NavigationModule.API.csproj", "{EEAD2BC1-03DF-4606-A484-F49D07E7939D}"
EndProject
Project("{9A19103F-16F7-4668-BE54-9A1E7A4F7556}") = "NavigationModule.Authentication", "NavigationModule.Authentication\NavigationModule.Authentication.csproj", "{938173D9-5A92-44FE-A80C-15C58E8A3FCE}"
EndProject
Project("{E53339B2-1760-4266-BCC7-CA923CBCF16C}") = "docker-compose", "docker-compose.dcproj", "{7991AA9A-D010-4308-BF45-B7AC58D6BE2E}"
EndProject
Project("{9A19103F-16F7-4668-BE54-9A1E7A4F7556}") = "NavigationModule.Journeys", "NavigationModule.Journeys\NavigationModule.Journeys.csproj", "{13247D58-2229-4D32-8A41-85350494DFC3}"
EndProject
Global
	GlobalSection(SolutionConfigurationPlatforms) = preSolution
		Debug|Any CPU = Debug|Any CPU
		Release|Any CPU = Release|Any CPU
	EndGlobalSection
	GlobalSection(ProjectConfigurationPlatforms) = postSolution
		{EEAD2BC1-03DF-4606-A484-F49D07E7939D}.Debug|Any CPU.ActiveCfg = Debug|Any CPU
		{EEAD2BC1-03DF-4606-A484-F49D07E7939D}.Debug|Any CPU.Build.0 = Debug|Any CPU
		{EEAD2BC1-03DF-4606-A484-F49D07E7939D}.Release|Any CPU.ActiveCfg = Release|Any CPU
		{EEAD2BC1-03DF-4606-A484-F49D07E7939D}.Release|Any CPU.Build.0 = Release|Any CPU
		{938173D9-5A92-44FE-A80C-15C58E8A3FCE}.Debug|Any CPU.ActiveCfg = Debug|Any CPU
		{938173D9-5A92-44FE-A80C-15C58E8A3FCE}.Debug|Any CPU.Build.0 = Debug|Any CPU
		{938173D9-5A92-44FE-A80C-15C58E8A3FCE}.Release|Any CPU.ActiveCfg = Release|Any CPU
		{938173D9-5A92-44FE-A80C-15C58E8A3FCE}.Release|Any CPU.Build.0 = Release|Any CPU
		{7991AA9A-D010-4308-BF45-B7AC58D6BE2E}.Debug|Any CPU.ActiveCfg = Debug|Any CPU
		{7991AA9A-D010-4308-BF45-B7AC58D6BE2E}.Debug|Any CPU.Build.0 = Debug|Any CPU
		{7991AA9A-D010-4308-BF45-B7AC58D6BE2E}.Release|Any CPU.ActiveCfg = Release|Any CPU
		{7991AA9A-D010-4308-BF45-B7AC58D6BE2E}.Release|Any CPU.Build.0 = Release|Any CPU
		{13247D58-2229-4D32-8A41-85350494DFC3}.Debug|Any CPU.ActiveCfg = Debug|Any CPU
		{13247D58-2229-4D32-8A41-85350494DFC3}.Debug|Any CPU.Build.0 = Debug|Any CPU
		{13247D58-2229-4D32-8A41-85350494DFC3}.Release|Any CPU.ActiveCfg = Release|Any CPU
		{13247D58-2229-4D32-8A41-85350494DFC3}.Release|Any CPU.Build.0 = Release|Any CPU
	EndGlobalSection
	GlobalSection(SolutionProperties) = preSolution
		HideSolutionNode = FALSE
	EndGlobalSection
	GlobalSection(ExtensibilityGlobals) = postSolution
		SolutionGuid = {19F90E4A-DB4B-418C-A17A-37B16C3CFBDC}
	EndGlobalSection
EndGlobal
